<?xml version="1.0" encoding="utf-8"?>
<Project xmlns="http://schemas.microsoft.com/developer/msbuild/2003" ToolsVersion="4.0">
  <ItemGroup>
    <Filter Include="Header Files">
      <UniqueIdentifier>{4D1BFFCC-9CEB-4ABF-A951-582870FE71FD}</UniqueIdentifier>
      <Extensions>h;hpp;hxx;hm;inl;inc;xsd</Extensions>
    </Filter>
    <Filter Include="Header Files\TouchGFX">
      <UniqueIdentifier>{29C60541-803D-4F43-8683-028D9DA5E0CB}</UniqueIdentifier>
    </Filter>
    <Filter Include="Header Files\TouchGFX\common">
      <UniqueIdentifier>{AF2BF67C-89EC-4545-B0D2-5BD6803628D4}</UniqueIdentifier>
    </Filter>
    <Filter Include="Header Files\TouchGFX\mvp">
      <UniqueIdentifier>{A8F51E02-A400-49F1-AC86-371872A7E5E6}</UniqueIdentifier>
    </Filter>
    <Filter Include="Header Files\TouchGFX\platform">
      <UniqueIdentifier>{493CF637-721C-4516-8638-3EE4790FB455}</UniqueIdentifier>
    </Filter>
    <Filter Include="Header Files\TouchGFX\touchgfx">
      <UniqueIdentifier>{7187028B-6482-4EB3-8556-EECD38E0636B}</UniqueIdentifier>
    </Filter>
    <Filter Include="Header Files\TouchGFX\platform\driver">
      <UniqueIdentifier>{D2E6B448-6B79-434F-A8EB-C8F8415957E9}</UniqueIdentifier>
    </Filter>
    <Filter Include="Header Files\TouchGFX\platform\hal">
      <UniqueIdentifier>{07737357-9365-4A8F-B2F6-908B5FC4E808}</UniqueIdentifier>
    </Filter>
    <Filter Include="Header Files\TouchGFX\touchgfx\canvas_widget_renderer">
      <UniqueIdentifier>{085B248B-6BE1-4BF8-9913-35526BAEE4C7}</UniqueIdentifier>
    </Filter>
    <Filter Include="Header Files\TouchGFX\touchgfx\containers">
      <UniqueIdentifier>{E08C6B18-2F0E-4861-87D5-80FB0411017E}</UniqueIdentifier>
    </Filter>
    <Filter Include="Header Files\TouchGFX\touchgfx\events">
      <UniqueIdentifier>{29D72404-E5CB-472C-B00F-3784DF3CCD1E}</UniqueIdentifier>
    </Filter>
    <Filter Include="Header Files\TouchGFX\touchgfx\hal">
      <UniqueIdentifier>{09561B72-532B-45EB-8E32-CAA31C349F83}</UniqueIdentifier>
    </Filter>
    <Filter Include="Header Files\TouchGFX\touchgfx\lcd">
      <UniqueIdentifier>{A89B6308-CBC1-48EC-BF14-B3C6106FACCE}</UniqueIdentifier>
    </Filter>
    <Filter Include="Header Files\TouchGFX\touchgfx\mixins">
      <UniqueIdentifier>{DB82A963-BE52-4494-BD5E-358C5E79C081}</UniqueIdentifier>
    </Filter>
    <Filter Include="Header Files\TouchGFX\touchgfx\transforms">
      <UniqueIdentifier>{509E01BB-FBF4-4198-B748-936C1B67839A}</UniqueIdentifier>
    </Filter>
    <Filter Include="Header Files\TouchGFX\touchgfx\transitions">
      <UniqueIdentifier>{3F023E56-225A-4D4C-9D20-74447A23BAD9}</UniqueIdentifier>
    </Filter>
    <Filter Include="Header Files\TouchGFX\touchgfx\widgets">
      <UniqueIdentifier>{0E9A8FD3-B71B-46B9-B1F6-3A18292FFAC4}</UniqueIdentifier>
    </Filter>
    <Filter Include="Header Files\TouchGFX\platform\driver\lcd">
      <UniqueIdentifier>{9B32A742-EBA9-4EBA-832E-0421D7E68BC5}</UniqueIdentifier>
    </Filter>
    <Filter Include="Header Files\TouchGFX\platform\driver\touch">
      <UniqueIdentifier>{8C31441B-2191-4B32-869D-7B253AECB28F}</UniqueIdentifier>
    </Filter>
    <Filter Include="Header Files\TouchGFX\platform\hal\simulator">
      <UniqueIdentifier>{464CC9FB-AFF6-4FFA-B4D8-BCAC4B2B8898}</UniqueIdentifier>
    </Filter>
    <Filter Include="Header Files\TouchGFX\touchgfx\containers\clock">
      <UniqueIdentifier>{B7237C13-DD69-4F78-8446-9A554431E3F8}</UniqueIdentifier>
    </Filter>
    <Filter Include="Header Files\TouchGFX\touchgfx\containers\progress_indicators">
      <UniqueIdentifier>{5E0E884F-0059-4306-94BA-3197219750E3}</UniqueIdentifier>
    </Filter>
    <Filter Include="Header Files\TouchGFX\touchgfx\widgets\canvas">
      <UniqueIdentifier>{DBFF640A-BD63-40BC-A0A5-2468BC461037}</UniqueIdentifier>
    </Filter>
    <Filter Include="Header Files\TouchGFX\platform\hal\simulator\sdl2">
      <UniqueIdentifier>{EA3962C0-553C-4CFD-A89B-A116A9493818}</UniqueIdentifier>
    </Filter>
    <Filter Include="Header Files\generated">
      <UniqueIdentifier>{29C60541-803D-4F44-8783-028D9DA5E0CC}</UniqueIdentifier>
    </Filter>
    <Filter Include="Header Files\generated\simulator">
      <UniqueIdentifier>{29C60541-803D-4F43-8683-028D9DA5E0CC}</UniqueIdentifier>
    </Filter>
    <Filter Include="Resource Files">
      <UniqueIdentifier>{92BBFF14-FBDB-4755-BA47-A830D863D92B}</UniqueIdentifier>
      <Extensions>rc;ico;cur;bmp;dlg;rc2;rct;bin;rgs;gif;jpg;jpeg;jpe;resx;tiff;tif;ttf;otf;bdf;png;wav;xml;props;mfcribbon-ms</Extensions>
    </Filter>
    <Filter Include="Resource Files\assets">
      <UniqueIdentifier>{AF899B0F-78BE-47F9-A912-E92CB9156E40}</UniqueIdentifier>
    </Filter>
    <Filter Include="Resource Files\config">
      <UniqueIdentifier>{29E8A9F8-6504-4625-AB47-671A3F665E51}</UniqueIdentifier>
    </Filter>
    <Filter Include="Resource Files\assets\texts">
      <UniqueIdentifier>{382278FD-2B19-4E89-AE4F-24AF77E7A270}</UniqueIdentifier>
    </Filter>
    <Filter Include="Resource Files\config\msvs">
      <UniqueIdentifier>{C24EAEDB-9A3F-43DC-87FB-C7AC2729A078}</UniqueIdentifier>
    </Filter>
    <Filter Include="Source Files">
      <UniqueIdentifier>{2F3FC0AA-97C4-4366-9939-94A0FF4E028C}</UniqueIdentifier>
      <Extensions>cpp;c;cc;cxx;def;odl;idl;hpj;bat;asm;asmx</Extensions>
    </Filter>
    <Filter Include="Source Files\TouchGFX">
      <UniqueIdentifier>{C07B02A9-A55E-47AA-AD61-59A6AAD754E6}</UniqueIdentifier>
    </Filter>
    <Filter Include="Source Files\TouchGFX\platform">
      <UniqueIdentifier>{33EDC2DB-AF72-480C-92E5-2A2833BCAB6F}</UniqueIdentifier>
    </Filter>
    <Filter Include="Source Files\TouchGFX\platform\driver">
      <UniqueIdentifier>{1D8EFD90-430A-4539-9080-16A38861D20A}</UniqueIdentifier>
    </Filter>
    <Filter Include="Source Files\TouchGFX\platform\hal">
      <UniqueIdentifier>{E8DECBF2-0C8E-4397-8603-3101D6F922D6}</UniqueIdentifier>
    </Filter>
    <Filter Include="Source Files\TouchGFX\platform\driver\touch">
      <UniqueIdentifier>{40F0D55D-79D9-488A-AF83-ADC96179EADF}</UniqueIdentifier>
    </Filter>
    <Filter Include="Source Files\TouchGFX\platform\hal\simulator">
      <UniqueIdentifier>{3FB50DD5-31DA-4042-B7FD-2151C58CDA80}</UniqueIdentifier>
    </Filter>
    <Filter Include="Source Files\TouchGFX\platform\hal\simulator\sdl2">
      <UniqueIdentifier>{B48CB42B-0F9E-4815-BFE1-1ACC1150ED8A}</UniqueIdentifier>
    </Filter>
    <Filter Include="Source Files\simulator">
      <UniqueIdentifier>{C07B03A9-A55E-47AA-AD61-59A6AAD754E6}</UniqueIdentifier>
    </Filter>
    <Filter Include="Source Files\generated">
      <UniqueIdentifier>{C07B02B9-A55E-47AB-AD61-59A6AAD754E6}</UniqueIdentifier>
    </Filter>
    <Filter Include="Source Files\generated\simulator">
      <UniqueIdentifier>{C07B02B9-A55E-47AA-AD61-59A6AAD754E6}</UniqueIdentifier>
    </Filter>
    <Filter Include="Source Files\gui">
      <UniqueIdentifier>374FE43E-6484-81E8-CD88-6DAE85268FF1</UniqueIdentifier>
    </Filter>
    <Filter Include="Header Files\gui">
      <UniqueIdentifier>B8FE8970-7696-F0DE-93BE-7915BA683285</UniqueIdentifier>
    </Filter>
    <Filter Include="Header Files\generated\gui_generated">
      <UniqueIdentifier>197F3B25-2CBF-C915-8C82-FA910DE9EEAF</UniqueIdentifier>
    </Filter>
    <Filter Include="Header Files\gui\common">
      <UniqueIdentifier>69F96122-6715-B22C-237A-3BF7482A2BF3</UniqueIdentifier>
    </Filter>
    <Filter Include="Header Files\gui\model">
      <UniqueIdentifier>B7401D17-1ACB-DA1F-CB07-ADC3D7624001</UniqueIdentifier>
    </Filter>
    <Filter Include="Source Files\generated\gui_generated">
      <UniqueIdentifier>DAB71155-2309-B2ED-BE7A-1254D51E487C</UniqueIdentifier>
    </Filter>
    <Filter Include="Source Files\gui\model">
      <UniqueIdentifier>0184B0AE-E5B2-92AD-A7E5-FB6D31EB8EF6</UniqueIdentifier>
    </Filter>
    <Filter Include="Source Files\gui\common">
      <UniqueIdentifier>4D0FA6EA-ED2B-90F0-9556-8CD0B82B36A1</UniqueIdentifier>
    </Filter>
    <Filter Include="Header Files\generated\simulator\include">
      <UniqueIdentifier>0C3CFB97-C3DD-4C63-7383-A1EBB36CF796</UniqueIdentifier>
    </Filter>
    <Filter Include="Header Files\generated\gui_generated\common">
      <UniqueIdentifier>C113B802-E381-7FF4-D022-85376A1251AA</UniqueIdentifier>
    </Filter>
    <Filter Include="Source Files\generated\gui_generated\common">
      <UniqueIdentifier>219EC102-ED60-0CC0-B1E5-ED8449C582E0</UniqueIdentifier>
    </Filter>
    <Filter Include="Source Files\generated\simulator\video">
      <UniqueIdentifier>5F71BA3D-1D09-25DD-E49C-3605E351B6C7</UniqueIdentifier>
    </Filter>
    <Filter Include="Header Files\generated\simulator\include\simulator">
      <UniqueIdentifier>347DE319-6108-C07E-2E13-18326EEA569F</UniqueIdentifier>
    </Filter>
    <Filter Include="Header Files\generated\simulator\include\simulator\video">
      <UniqueIdentifier>98F62D39-4695-38BE-A0C9-75069E1E4866</UniqueIdentifier>
    </Filter>
    <Filter Include="Header Files\gui\intro_screen">
      <UniqueIdentifier>346EBECF-BA6B-2937-B807-19D6B0847AAE</UniqueIdentifier>
    </Filter>
    <Filter Include="Source Files\gui\intro_screen">
      <UniqueIdentifier>B854739D-ED7A-2803-086A-6299FC485331</UniqueIdentifier>
    </Filter>
    <Filter Include="Source Files\generated\gui_generated\intro_screen">
      <UniqueIdentifier>A4C5C7EB-FAAC-B7C0-030A-ADB1E79F1B18</UniqueIdentifier>
    </Filter>
    <Filter Include="Header Files\generated\gui_generated\intro_screen">
      <UniqueIdentifier>650860A4-04A7-4F49-6A76-7125FB97E587</UniqueIdentifier>
    </Filter>
    <Filter Include="Header Files\gui\home_screen">
      <UniqueIdentifier>E80B0BB4-E599-ED20-4E1D-4DA3905332FF</UniqueIdentifier>
    </Filter>
    <Filter Include="Source Files\gui\home_screen">
      <UniqueIdentifier>84A7E70E-2D05-846A-329A-06B9CCDF4563</UniqueIdentifier>
    </Filter>
    <Filter Include="Header Files\generated\gui_generated\home_screen">
      <UniqueIdentifier>35DAFAA8-9F5C-FA49-56BC-58515BF1DD41</UniqueIdentifier>
    </Filter>
    <Filter Include="Source Files\generated\gui_generated\home_screen">
      <UniqueIdentifier>A57AA15C-78C4-E591-95B5-23EA481EDD7E</UniqueIdentifier>
    </Filter>
    <Filter Include="Header Files\gui\widgets">
      <UniqueIdentifier>E85E0952-A6ED-E0D6-6274-EF7389A9EC58</UniqueIdentifier>
    </Filter>
    <Filter Include="Source Files\gui\widgets">
      <UniqueIdentifier>E3794AB2-86D1-0AE5-C90C-79EF86EC91F8</UniqueIdentifier>
    </Filter>
    <Filter Include="Source Files\gui\widgets\wallpaper">
      <UniqueIdentifier>AB36F451-8437-FFF0-5470-9B1CDBC7D27A</UniqueIdentifier>
    </Filter>
    <Filter Include="Header Files\gui\widgets\wallpaper">
      <UniqueIdentifier>F6090701-474B-D339-EAB2-5608FB84504E</UniqueIdentifier>
    </Filter>
    <Filter Include="Header Files\gui\widgets\information">
      <UniqueIdentifier>7CD26272-E9EA-8EC0-3ED2-D48E1F7FEEA5</UniqueIdentifier>
    </Filter>
    <Filter Include="Source Files\gui\widgets\Information">
      <UniqueIdentifier>D0941EA9-FAEC-B1D4-3683-50553F236A36</UniqueIdentifier>
    </Filter>
    <Filter Include="Source Files\gui\widgets\info">
      <UniqueIdentifier>992FEE4E-F340-79E4-37F6-EAAEB92A6574</UniqueIdentifier>
    </Filter>
    <Filter Include="Header Files\gui\widgets\info">
      <UniqueIdentifier>37910025-285E-0EB8-110C-35782A855F68</UniqueIdentifier>
    </Filter>
    <Filter Include="Source Files\gui\widgets\footer">
      <UniqueIdentifier>{2ac2b6f2-7ad9-4708-98a7-0d1fd636064e}</UniqueIdentifier>
    </Filter>
    <Filter Include="Header Files\gui\widgets\footer">
      <UniqueIdentifier>{0869e2be-82fc-49b2-bde5-fb3f1bd6a028}</UniqueIdentifier>
    </Filter>
    <Filter Include="Header Files\gui\boot_screen">
      <UniqueIdentifier>CB6FD324-BDFA-5DE3-04BA-56C17C717E4E</UniqueIdentifier>
    </Filter>
    <Filter Include="Source Files\gui\boot_screen">
      <UniqueIdentifier>1F5EDB43-1D0B-DA29-BE32-605D68127207</UniqueIdentifier>
    </Filter>
    <Filter Include="Source Files\generated\gui_generated\boot_screen">
      <UniqueIdentifier>4A97BB16-A367-E58F-14E3-E38FF11E2C65</UniqueIdentifier>
    </Filter>
    <Filter Include="Header Files\generated\gui_generated\boot_screen">
      <UniqueIdentifier>5F82DF98-109F-9AED-3C27-90962AF9BBDD</UniqueIdentifier>
    </Filter>
    <Filter Include="Source Files\gui\widgets\title">
      <UniqueIdentifier>7585F7CA-F56A-1A3B-9570-4184FD53CED9</UniqueIdentifier>
    </Filter>
    <Filter Include="Header Files\gui\widgets\title">
      <UniqueIdentifier>CF0DE364-418C-9BB7-1907-3A06BFB39800</UniqueIdentifier>
    </Filter>
    <Filter Include="Source Files\gui\widgets\plugin">
      <UniqueIdentifier>F0A54027-52A1-1D27-EFD8-5AB9087ABE35</UniqueIdentifier>
    </Filter>
    <Filter Include="Header Files\gui\widgets\plugin">
      <UniqueIdentifier>4A2FE1B7-326C-AF90-AD38-D4D506ECD64F</UniqueIdentifier>
    </Filter>
    <Filter Include="Header Files\gui\widgets\loading">
      <UniqueIdentifier>2085AEA9-FE1F-9CF9-DC4B-DBAEE740D077</UniqueIdentifier>
    </Filter>
    <Filter Include="Source Files\gui\widgets\loading">
      <UniqueIdentifier>45466526-B7F2-1948-1CCC-FBA48A7D3FE4</UniqueIdentifier>
    </Filter>
    <Filter Include="Source Files\gui\widgets\socket">
      <UniqueIdentifier>2CB36569-321F-CBBF-B9CF-44FAFFB630D8</UniqueIdentifier>
    </Filter>
    <Filter Include="Header Files\gui\widgets\language">
      <UniqueIdentifier>24D47546-AF58-25FF-CC98-47CD9B4323D2</UniqueIdentifier>
    </Filter>
    <Filter Include="Header Files\gui\widgets\socket">
      <UniqueIdentifier>9305948D-A9E9-F946-F078-2D95CBCEB6C0</UniqueIdentifier>
    </Filter>
    <Filter Include="Source Files\gui\widgets\language">
      <UniqueIdentifier>F60D1EFC-75E7-CF5B-7D12-ACB23F752B91</UniqueIdentifier>
    </Filter>
    <Filter Include="Source Files\gui\widgets\socket_selector">
      <UniqueIdentifier>79FF9045-CA30-1DE7-88FB-517F687F6EC6</UniqueIdentifier>
    </Filter>
    <Filter Include="Header Files\gui\widgets\socket_selector">
      <UniqueIdentifier>CFCABFCF-7BA9-CDC7-FA42-DA06A1FECB09</UniqueIdentifier>
    </Filter>
    <Filter Include="Source Files\gui\widgets\context">
      <UniqueIdentifier>C1D1BBEE-6C90-1FA2-62FC-A6A5D4DB69B8</UniqueIdentifier>
    </Filter>
    <Filter Include="Header Files\gui\widgets\context">
      <UniqueIdentifier>EBDD6FF2-70BB-5040-F1B0-6142409C5D7B</UniqueIdentifier>
    </Filter>
    <Filter Include="Header Files\gui\payment_screen">
      <UniqueIdentifier>5C9A9F4A-AEAC-FDEA-4163-AE9E8F5A2CDC</UniqueIdentifier>
    </Filter>
    <Filter Include="Source Files\gui\payment_screen">
      <UniqueIdentifier>F03006D5-0136-8C7A-350C-BCDF1F593A63</UniqueIdentifier>
    </Filter>
    <Filter Include="Source Files\generated\gui_generated\payment_screen">
      <UniqueIdentifier>4D44401A-8B1A-BFF8-10B3-0271645DB7F8</UniqueIdentifier>
    </Filter>
    <Filter Include="Header Files\generated\gui_generated\payment_screen">
      <UniqueIdentifier>59E7D06F-1EEF-19FE-42E5-8F461ADADF55</UniqueIdentifier>
    </Filter>
    <Filter Include="Source Files\gui\connect_screen">
      <UniqueIdentifier>A9F4AB9C-3557-4D56-0458-9DD402C7BFF0</UniqueIdentifier>
    </Filter>
    <Filter Include="Header Files\gui\connect_screen">
      <UniqueIdentifier>1C2AD63A-041F-2975-112E-75AEB9234A96</UniqueIdentifier>
    </Filter>
    <Filter Include="Source Files\gui\widgets\qrcode">
      <UniqueIdentifier>C6419C94-5742-16B6-F2D7-218CBB23B5D2</UniqueIdentifier>
    </Filter>
    <Filter Include="Header Files\gui\widgets\qrcode">
      <UniqueIdentifier>8FE951ED-96F7-19FA-39C9-CC8DC519F6DF</UniqueIdentifier>
    </Filter>
    <Filter Include="Header Files\generated\gui_generated\connect_screen">
      <UniqueIdentifier>7B16F050-56A4-209C-26E3-79AAB2B491CD</UniqueIdentifier>
    </Filter>
    <Filter Include="Source Files\generated\gui_generated\connect_screen">
      <UniqueIdentifier>556D9A5F-5822-F3DE-1C80-8D84773C1AEA</UniqueIdentifier>
    </Filter>
    <Filter Include="Header Files\gui\widgets\button_with_label_ex">
      <UniqueIdentifier>25BC83B6-608E-8C97-1A65-9A4FAF16473E</UniqueIdentifier>
    </Filter>
    <Filter Include="Source Files\gui\widgets\button_with_label_ex">
      <UniqueIdentifier>BEF7C726-9A80-D157-1101-1FD8BD9BED16</UniqueIdentifier>
    </Filter>
    <Filter Include="Header Files\gui\widgets\backto">
      <UniqueIdentifier>B77C8B35-A1E8-5273-50CC-942066C91D0C</UniqueIdentifier>
    </Filter>
    <Filter Include="Source Files\gui\widgets\backto">
      <UniqueIdentifier>BBE3B0C5-CA41-7B4B-C588-00B357EE7FE7</UniqueIdentifier>
    </Filter>
    <Filter Include="Header Files\gui\vista_screen">
      <UniqueIdentifier>28D5162B-5D67-F43B-3DBE-C612F0DBB2A5</UniqueIdentifier>
    </Filter>
    <Filter Include="Source Files\gui\vista_screen">
      <UniqueIdentifier>30CBE609-8594-FB21-0A2F-805ABCFA8631</UniqueIdentifier>
    </Filter>
    <Filter Include="Source Files\gui\standby_screen">
      <UniqueIdentifier>4B6D0827-2F1C-0F13-4139-134064084C11</UniqueIdentifier>
    </Filter>
    <Filter Include="Header Files\gui\standby_screen">
      <UniqueIdentifier>D74ED547-D5B6-62B8-4AEE-2CB148FE5D52</UniqueIdentifier>
    </Filter>
    <Filter Include="Header Files\gui\screen1_screen">
      <UniqueIdentifier>D7A0646F-A896-4B28-6D04-105B361E68E4</UniqueIdentifier>
    </Filter>
    <Filter Include="Source Files\gui\screen1_screen">
      <UniqueIdentifier>88E7E8B5-3EB8-FFD6-6A70-ECF46956B42A</UniqueIdentifier>
    </Filter>
    <Filter Include="Source Files\generated\gui_generated\screen1_screen">
      <UniqueIdentifier>760467C1-0CA6-2A5E-94DF-712CAACA5E29</UniqueIdentifier>
    </Filter>
    <Filter Include="Header Files\gui\widgets\pay_method">
      <UniqueIdentifier>11553A8A-B89F-0CDA-2E57-FA9B985A06CD</UniqueIdentifier>
    </Filter>
    <Filter Include="Source Files\gui\widgets\pay_method">
      <UniqueIdentifier>BC94DB8D-DABA-0750-CFAB-5430B2FD7817</UniqueIdentifier>
    </Filter>
    <Filter Include="Header Files\generated\gui_generated\screen1_screen">
      <UniqueIdentifier>F463A071-B2E3-6704-1627-698E98CE81E4</UniqueIdentifier>
    </Filter>
    <Filter Include="Source Files\generated\gui_generated\standby_screen">
      <UniqueIdentifier>69BA9E2C-12F4-7EBF-7247-81E8AA98A70B</UniqueIdentifier>
    </Filter>
    <Filter Include="Header Files\generated\gui_generated\standby_screen">
      <UniqueIdentifier>317546A0-436C-4487-6D35-1EB907887D4A</UniqueIdentifier>
    </Filter>
    <Filter Include="Header Files\gui\widgets\car">
      <UniqueIdentifier>26C0877D-F670-1587-7C9D-08DAE44B536B</UniqueIdentifier>
    </Filter>
    <Filter Include="Source Files\gui\widgets\car">
      <UniqueIdentifier>020497A2-571C-317A-52CD-8A759F513110</UniqueIdentifier>
    </Filter>
    <Filter Include="Source Files\generated\gui_generated\vista_screen">
      <UniqueIdentifier>A4E5C5D7-402E-0FE4-655C-1A017C7CEDD3</UniqueIdentifier>
    </Filter>
    <Filter Include="Header Files\generated\gui_generated\vista_screen">
      <UniqueIdentifier>D6245E17-511C-B611-C84A-91567B3A2848</UniqueIdentifier>
    </Filter>
  </ItemGroup>
  <ItemGroup>
    <ClCompile Include="$(TouchGFXReleasePath)\framework\source\platform\driver\touch\SDL2TouchController.cpp">
      <Filter>Source Files\TouchGFX\platform\driver\touch</Filter>
    </ClCompile>
    <ClCompile Include="$(TouchGFXReleasePath)\framework\source\platform\hal\simulator\sdl2\HALSDL2.cpp">
      <Filter>Source Files\TouchGFX\platform\hal\simulator\sdl2</Filter>
    </ClCompile>
    <ClCompile Include="$(TouchGFXReleasePath)\framework\source\platform\hal\simulator\sdl2\HALSDL2_icon.cpp">
      <Filter>Source Files\TouchGFX\platform\hal\simulator\sdl2</Filter>
    </ClCompile>
    <ClCompile Include="$(TouchGFXReleasePath)\framework\source\platform\hal\simulator\sdl2\OSWrappers.cpp">
      <Filter>Source Files\TouchGFX\platform\hal\simulator\sdl2</Filter>
    </ClCompile>
    <ClCompile Include="$(ApplicationRoot)\simulator\main.cpp">
      <Filter>Source Files\simulator</Filter>
    </ClCompile>
    <ClCompile Include="$(ApplicationRoot)\generated\simulator\src\mainBase.cpp">
      <Filter>Source Files\generated\simulator</Filter>
    </ClCompile>
    <ClCompile Include="..\..\gui\src\common\FrontendApplication.cpp">
      <Filter>Source Files\gui\common</Filter>
    </ClCompile>
    <ClCompile Include="..\..\generated\gui_generated\src\common\FrontendApplicationBase.cpp">
      <Filter>Source Files\generated\gui_generated\common</Filter>
    </ClCompile>
    <ClCompile Include="..\..\gui\src\model\Model.cpp">
      <Filter>Source Files\gui\model</Filter>
    </ClCompile>
    <ClCompile Include="..\..\generated\simulator\src\video\SoftwareMJPEGDecoder.cpp">
      <Filter>Source Files\generated\simulator\video</Filter>
    </ClCompile>
    <ClCompile Include="..\..\gui\src\intro_screen\IntroPresenter.cpp">
      <Filter>Source Files\gui\intro_screen</Filter>
    </ClCompile>
    <ClCompile Include="..\..\gui\src\intro_screen\IntroView.cpp">
      <Filter>Source Files\gui\intro_screen</Filter>
    </ClCompile>
    <ClCompile Include="..\..\generated\gui_generated\src\intro_screen\IntroViewBase.cpp">
      <Filter>Source Files\generated\gui_generated\intro_screen</Filter>
    </ClCompile>
    <ClCompile Include="..\..\gui\src\common\BMPFileLoader.cpp">
      <Filter>Source Files\gui\common</Filter>
    </ClCompile>
    <ClCompile Include="..\..\gui\src\common\TargetFix.cpp">
      <Filter>Source Files\gui\common</Filter>
    </ClCompile>
    <ClCompile Include="..\..\gui\src\home_screen\HomePresenter.cpp">
      <Filter>Source Files\gui\home_screen</Filter>
    </ClCompile>
    <ClCompile Include="..\..\gui\src\home_screen\HomeView.cpp">
      <Filter>Source Files\gui\home_screen</Filter>
    </ClCompile>
    <ClCompile Include="..\..\generated\gui_generated\src\home_screen\HomeViewBase.cpp">
      <Filter>Source Files\generated\gui_generated\home_screen</Filter>
    </ClCompile>
    <ClCompile Include="..\..\gui\src\common\BasePresenter.cpp">
      <Filter>Source Files\gui\common</Filter>
    </ClCompile>
    <ClCompile Include="..\..\gui\src\common\CommonFunction.cpp">
      <Filter>Source Files\gui\common</Filter>
    </ClCompile>
    <ClCompile Include="..\..\gui\src\common\EventManager.cpp">
      <Filter>Source Files\gui\common</Filter>
    </ClCompile>
    <ClCompile Include="..\..\gui\src\widgets\info\AbstractContent.cpp">
      <Filter>Source Files\gui\widgets\info</Filter>
    </ClCompile>
    <ClCompile Include="..\..\gui\src\widgets\info\AbstractMessage.cpp">
      <Filter>Source Files\gui\widgets\info</Filter>
    </ClCompile>
    <ClCompile Include="..\..\gui\src\widgets\info\Content0201.cpp">
      <Filter>Source Files\gui\widgets\info</Filter>
    </ClCompile>
    <ClCompile Include="..\..\gui\src\widgets\info\Content0202.cpp">
      <Filter>Source Files\gui\widgets\info</Filter>
    </ClCompile>
    <ClCompile Include="..\..\gui\src\widgets\info\Content0203.cpp">
      <Filter>Source Files\gui\widgets\info</Filter>
    </ClCompile>
    <ClCompile Include="..\..\gui\src\widgets\info\Content0204.cpp">
      <Filter>Source Files\gui\widgets\info</Filter>
    </ClCompile>
    <ClCompile Include="..\..\gui\src\widgets\info\Content0205.cpp">
      <Filter>Source Files\gui\widgets\info</Filter>
    </ClCompile>
    <ClCompile Include="..\..\gui\src\widgets\info\Content0206.cpp">
      <Filter>Source Files\gui\widgets\info</Filter>
    </ClCompile>
    <ClCompile Include="..\..\gui\src\widgets\info\Content0207.cpp">
      <Filter>Source Files\gui\widgets\info</Filter>
    </ClCompile>
    <ClCompile Include="..\..\gui\src\widgets\info\Content0208.cpp">
      <Filter>Source Files\gui\widgets\info</Filter>
    </ClCompile>
    <ClCompile Include="..\..\gui\src\widgets\info\Content0301.cpp">
      <Filter>Source Files\gui\widgets\info</Filter>
    </ClCompile>
    <ClCompile Include="..\..\gui\src\widgets\info\Content0302.cpp">
      <Filter>Source Files\gui\widgets\info</Filter>
    </ClCompile>
    <ClCompile Include="..\..\gui\src\widgets\info\Content0303.cpp">
      <Filter>Source Files\gui\widgets\info</Filter>
    </ClCompile>
    <ClCompile Include="..\..\gui\src\widgets\info\Content0404.cpp">
      <Filter>Source Files\gui\widgets\info</Filter>
    </ClCompile>
    <ClCompile Include="..\..\gui\src\widgets\info\Content0501.cpp">
      <Filter>Source Files\gui\widgets\info</Filter>
    </ClCompile>
    <ClCompile Include="..\..\gui\src\widgets\info\Content0504.cpp">
      <Filter>Source Files\gui\widgets\info</Filter>
    </ClCompile>
    <ClCompile Include="..\..\gui\src\widgets\info\ContentE1.cpp">
      <Filter>Source Files\gui\widgets\info</Filter>
    </ClCompile>
    <ClCompile Include="..\..\gui\src\widgets\info\ContentE2.cpp">
      <Filter>Source Files\gui\widgets\info</Filter>
    </ClCompile>
    <ClCompile Include="..\..\gui\src\widgets\info\ContentE3.cpp">
      <Filter>Source Files\gui\widgets\info</Filter>
    </ClCompile>
    <ClCompile Include="..\..\gui\src\widgets\info\ContentE4.cpp">
      <Filter>Source Files\gui\widgets\info</Filter>
    </ClCompile>
    <ClCompile Include="..\..\gui\src\widgets\info\ContentE5.cpp">
      <Filter>Source Files\gui\widgets\info</Filter>
    </ClCompile>
    <ClCompile Include="..\..\gui\src\widgets\info\ContentE6.cpp">
      <Filter>Source Files\gui\widgets\info</Filter>
    </ClCompile>
    <ClCompile Include="..\..\gui\src\widgets\Information\Information.cpp">
      <Filter>Source Files\gui\widgets\Information</Filter>
    </ClCompile>
    <ClCompile Include="..\..\gui\src\widgets\info\MessageBlue.cpp">
      <Filter>Source Files\gui\widgets\info</Filter>
    </ClCompile>
    <ClCompile Include="..\..\gui\src\widgets\info\MessageE5.cpp">
      <Filter>Source Files\gui\widgets\info</Filter>
    </ClCompile>
    <ClCompile Include="..\..\gui\src\widgets\info\MessageRed.cpp">
      <Filter>Source Files\gui\widgets\info</Filter>
    </ClCompile>
    <ClCompile Include="..\..\gui\src\widgets\info\MessageYellow.cpp">
      <Filter>Source Files\gui\widgets\info</Filter>
    </ClCompile>
    <ClCompile Include="..\..\gui\src\widgets\wallpaper\Wallpaper.cpp">
      <Filter>Source Files\gui\widgets\wallpaper</Filter>
    </ClCompile>
    <ClCompile Include="..\..\gui\src\widgets\footer\Footer.cpp">
      <Filter>Source Files\gui\widgets\footer</Filter>
    </ClCompile>
    <ClCompile Include="..\..\gui\src\widgets\footer\FooterItemGroup.cpp">
      <Filter>Source Files\gui\widgets\footer</Filter>
    </ClCompile>
    <ClCompile Include="..\..\gui\src\boot_screen\BootPresenter.cpp">
      <Filter>Source Files\gui\boot_screen</Filter>
    </ClCompile>
    <ClCompile Include="..\..\gui\src\boot_screen\BootView.cpp">
      <Filter>Source Files\gui\boot_screen</Filter>
    </ClCompile>
    <ClCompile Include="..\..\generated\gui_generated\src\boot_screen\BootViewBase.cpp">
      <Filter>Source Files\generated\gui_generated\boot_screen</Filter>
    </ClCompile>
    <ClCompile Include="..\..\gui\src\widgets\title\Title.cpp">
      <Filter>Source Files\gui\widgets\title</Filter>
    </ClCompile>
    <ClCompile Include="..\..\gui\src\widgets\ContainerEx.cpp">
      <Filter>Source Files\gui\widgets</Filter>
    </ClCompile>
    <ClCompile Include="..\..\gui\src\widgets\context\Context.cpp">
      <Filter>Source Files\gui\widgets\context</Filter>
    </ClCompile>
    <ClCompile Include="..\..\gui\src\widgets\context\ContextNameValue.cpp">
      <Filter>Source Files\gui\widgets\context</Filter>
    </ClCompile>
    <ClCompile Include="..\..\gui\src\widgets\Integration.cpp">
      <Filter>Source Files\gui\widgets</Filter>
    </ClCompile>
    <ClCompile Include="..\..\gui\src\widgets\language\Language.cpp">
      <Filter>Source Files\gui\widgets\language</Filter>
    </ClCompile>
    <ClCompile Include="..\..\gui\src\widgets\loading\Loading.cpp">
      <Filter>Source Files\gui\widgets\loading</Filter>
    </ClCompile>
    <ClCompile Include="..\..\gui\src\widgets\plugin\Plugin.cpp">
      <Filter>Source Files\gui\widgets\plugin</Filter>
    </ClCompile>
    <ClCompile Include="..\..\gui\src\widgets\socket\Socket.cpp">
      <Filter>Source Files\gui\widgets\socket</Filter>
    </ClCompile>
    <ClCompile Include="..\..\gui\src\widgets\socket_selector\SocketSelector.cpp">
      <Filter>Source Files\gui\widgets\socket_selector</Filter>
    </ClCompile>
    <ClCompile Include="..\..\gui\src\widgets\socket_selector\SocketSelectorBackground.cpp">
      <Filter>Source Files\gui\widgets\socket_selector</Filter>
    </ClCompile>
    <ClCompile Include="..\..\gui\src\widgets\socket_selector\SocketSelectorBackgroundCharging.cpp">
      <Filter>Source Files\gui\widgets\socket_selector</Filter>
    </ClCompile>
    <ClCompile Include="..\..\gui\src\widgets\socket_selector\SocketSelectorBar.cpp">
      <Filter>Source Files\gui\widgets\socket_selector</Filter>
    </ClCompile>
    <ClCompile Include="..\..\gui\src\common\Resolution.cpp">
      <Filter>Source Files\gui\common</Filter>
    </ClCompile>
    <ClCompile Include="..\..\gui\src\payment_screen\PaymentPresenter.cpp">
      <Filter>Source Files\gui\payment_screen</Filter>
    </ClCompile>
    <ClCompile Include="..\..\gui\src\payment_screen\PaymentView.cpp">
      <Filter>Source Files\gui\payment_screen</Filter>
    </ClCompile>
    <ClCompile Include="..\..\generated\gui_generated\src\payment_screen\PaymentViewBase.cpp">
      <Filter>Source Files\generated\gui_generated\payment_screen</Filter>
    </ClCompile>
    <ClCompile Include="..\..\gui\src\widgets\backto\Backto.cpp">
      <Filter>Source Files\gui\widgets\backto</Filter>
    </ClCompile>
    <ClCompile Include="..\..\gui\src\widgets\button_with_label_ex\ButtonWithLabelEx.cpp">
      <Filter>Source Files\gui\widgets\button_with_label_ex</Filter>
    </ClCompile>
    <ClCompile Include="..\..\gui\src\connect_screen\ConnectPresenter.cpp">
      <Filter>Source Files\gui\connect_screen</Filter>
    </ClCompile>
    <ClCompile Include="..\..\gui\src\connect_screen\ConnectView.cpp">
      <Filter>Source Files\gui\connect_screen</Filter>
    </ClCompile>
    <ClCompile Include="..\..\generated\gui_generated\src\connect_screen\ConnectViewBase.cpp">
      <Filter>Source Files\generated\gui_generated\connect_screen</Filter>
    </ClCompile>
    <ClCompile Include="..\..\gui\src\widgets\qrcode\QRCode.cpp">
      <Filter>Source Files\gui\widgets\qrcode</Filter>
    </ClCompile>
    <ClCompile Include="..\..\gui\src\widgets\qrcode\QRCodeWidget.cpp">
      <Filter>Source Files\gui\widgets\qrcode</Filter>
    </ClCompile>
    <ClCompile Include="..\..\gui\src\widgets\car\Car.cpp">
      <Filter>Source Files\gui\widgets\car</Filter>
    </ClCompile>
    <ClCompile Include="..\..\gui\src\widgets\car\CarItemGroup.cpp">
      <Filter>Source Files\gui\widgets\car</Filter>
    </ClCompile>
    <ClCompile Include="..\..\gui\src\widgets\pay_method\PayMethod.cpp">
      <Filter>Source Files\gui\widgets\pay_method</Filter>
    </ClCompile>
    <ClCompile Include="..\..\gui\src\screen1_screen\Screen1Presenter.cpp">
      <Filter>Source Files\gui\screen1_screen</Filter>
    </ClCompile>
    <ClCompile Include="..\..\gui\src\screen1_screen\Screen1View.cpp">
      <Filter>Source Files\gui\screen1_screen</Filter>
    </ClCompile>
    <ClCompile Include="..\..\generated\gui_generated\src\screen1_screen\Screen1ViewBase.cpp">
      <Filter>Source Files\generated\gui_generated\screen1_screen</Filter>
    </ClCompile>
    <ClCompile Include="..\..\gui\src\standby_screen\StandbyPresenter.cpp">
      <Filter>Source Files\gui\standby_screen</Filter>
    </ClCompile>
    <ClCompile Include="..\..\gui\src\standby_screen\StandbyView.cpp">
      <Filter>Source Files\gui\standby_screen</Filter>
    </ClCompile>
    <ClCompile Include="..\..\generated\gui_generated\src\standby_screen\StandbyViewBase.cpp">
      <Filter>Source Files\generated\gui_generated\standby_screen</Filter>
    </ClCompile>
    <ClCompile Include="..\..\gui\src\vista_screen\VistaPresenter.cpp">
      <Filter>Source Files\gui\vista_screen</Filter>
    </ClCompile>
    <ClCompile Include="..\..\gui\src\vista_screen\VistaView.cpp">
      <Filter>Source Files\gui\vista_screen</Filter>
    </ClCompile>
    <ClCompile Include="..\..\generated\gui_generated\src\vista_screen\VistaViewBase.cpp">
      <Filter>Source Files\generated\gui_generated\vista_screen</Filter>
    </ClCompile>
  </ItemGroup>
  <ItemGroup>
    <None Include="$(ApplicationRoot)\assets\texts\texts.xml">
      <Filter>Resource Files\assets\texts</Filter>
    </None>
    <None Include="$(ApplicationRoot)\config\msvs\Application.props">
      <Filter>Resource Files\config\msvs</Filter>
    </None>
  </ItemGroup>
  <ItemGroup>
    <ClInclude Include="$(TouchGFXReleasePath)\framework\include\common\AbstractPartition.hpp">
      <Filter>Header Files\TouchGFX\common</Filter>
    </ClInclude>
    <ClInclude Include="$(TouchGFXReleasePath)\framework\include\common\Meta.hpp">
      <Filter>Header Files\TouchGFX\common</Filter>
    </ClInclude>
    <ClInclude Include="$(TouchGFXReleasePath)\framework\include\common\Partition.hpp">
      <Filter>Header Files\TouchGFX\common</Filter>
    </ClInclude>
    <ClInclude Include="$(TouchGFXReleasePath)\framework\include\common\TouchGFXInit.hpp">
      <Filter>Header Files\TouchGFX\common</Filter>
    </ClInclude>
    <ClInclude Include="$(TouchGFXReleasePath)\framework\include\mvp\MVPApplication.hpp">
      <Filter>Header Files\TouchGFX\mvp</Filter>
    </ClInclude>
    <ClInclude Include="$(TouchGFXReleasePath)\framework\include\mvp\MVPHeap.hpp">
      <Filter>Header Files\TouchGFX\mvp</Filter>
    </ClInclude>
    <ClInclude Include="$(TouchGFXReleasePath)\framework\include\mvp\Presenter.hpp">
      <Filter>Header Files\TouchGFX\mvp</Filter>
    </ClInclude>
    <ClInclude Include="$(TouchGFXReleasePath)\framework\include\mvp\View.hpp">
      <Filter>Header Files\TouchGFX\mvp</Filter>
    </ClInclude>
    <ClInclude Include="$(TouchGFXReleasePath)\framework\include\platform\driver\lcd\LCD16bpp.hpp">
      <Filter>Header Files\TouchGFX\platform\driver\lcd</Filter>
    </ClInclude>
    <ClInclude Include="$(TouchGFXReleasePath)\framework\include\platform\driver\lcd\LCD1bpp.hpp">
      <Filter>Header Files\TouchGFX\platform\driver\lcd</Filter>
    </ClInclude>
    <ClInclude Include="$(TouchGFXReleasePath)\framework\include\platform\driver\lcd\LCD24bpp.hpp">
      <Filter>Header Files\TouchGFX\platform\driver\lcd</Filter>
    </ClInclude>
    <ClInclude Include="$(TouchGFXReleasePath)\framework\include\platform\driver\lcd\LCD2bpp.hpp">
      <Filter>Header Files\TouchGFX\platform\driver\lcd</Filter>
    </ClInclude>
    <ClInclude Include="$(TouchGFXReleasePath)\framework\include\platform\driver\lcd\LCD4bpp.hpp">
      <Filter>Header Files\TouchGFX\platform\driver\lcd</Filter>
    </ClInclude>
    <ClInclude Include="$(TouchGFXReleasePath)\framework\include\platform\driver\touch\SDL2TouchController.hpp">
      <Filter>Header Files\TouchGFX\platform\driver\touch</Filter>
    </ClInclude>
    <ClInclude Include="$(TouchGFXReleasePath)\framework\include\platform\hal\simulator\sdl2\HALSDL2.hpp">
      <Filter>Header Files\TouchGFX\platform\hal\simulator\sdl2</Filter>
    </ClInclude>
    <ClInclude Include="$(TouchGFXReleasePath)\framework\include\touchgfx\Application.hpp">
      <Filter>Header Files\TouchGFX\touchgfx</Filter>
    </ClInclude>
    <ClInclude Include="$(TouchGFXReleasePath)\framework\include\touchgfx\Bitmap.hpp">
      <Filter>Header Files\TouchGFX\touchgfx</Filter>
    </ClInclude>
    <ClInclude Include="$(TouchGFXReleasePath)\framework\include\touchgfx\Callback.hpp">
      <Filter>Header Files\TouchGFX\touchgfx</Filter>
    </ClInclude>
    <ClInclude Include="$(TouchGFXReleasePath)\framework\include\touchgfx\canvas_widget_renderer\CanvasWidgetRenderer.hpp">
      <Filter>Header Files\TouchGFX\touchgfx\canvas_widget_renderer</Filter>
    </ClInclude>
    <ClInclude Include="$(TouchGFXReleasePath)\framework\include\touchgfx\canvas_widget_renderer\Cell.hpp">
      <Filter>Header Files\TouchGFX\touchgfx\canvas_widget_renderer</Filter>
    </ClInclude>
    <ClInclude Include="$(TouchGFXReleasePath)\framework\include\touchgfx\canvas_widget_renderer\Outline.hpp">
      <Filter>Header Files\TouchGFX\touchgfx\canvas_widget_renderer</Filter>
    </ClInclude>
    <ClInclude Include="$(TouchGFXReleasePath)\framework\include\touchgfx\canvas_widget_renderer\Rasterizer.hpp">
      <Filter>Header Files\TouchGFX\touchgfx\canvas_widget_renderer</Filter>
    </ClInclude>
    <ClInclude Include="$(TouchGFXReleasePath)\framework\include\touchgfx\canvas_widget_renderer\Renderer.hpp">
      <Filter>Header Files\TouchGFX\touchgfx\canvas_widget_renderer</Filter>
    </ClInclude>
    <ClInclude Include="$(TouchGFXReleasePath)\framework\include\touchgfx\canvas_widget_renderer\RenderingBuffer.hpp">
      <Filter>Header Files\TouchGFX\touchgfx\canvas_widget_renderer</Filter>
    </ClInclude>
    <ClInclude Include="$(TouchGFXReleasePath)\framework\include\touchgfx\canvas_widget_renderer\RGBA8.hpp">
      <Filter>Header Files\TouchGFX\touchgfx\canvas_widget_renderer</Filter>
    </ClInclude>
    <ClInclude Include="$(TouchGFXReleasePath)\framework\include\touchgfx\canvas_widget_renderer\Scanline.hpp">
      <Filter>Header Files\TouchGFX\touchgfx\canvas_widget_renderer</Filter>
    </ClInclude>
    <ClInclude Include="$(TouchGFXReleasePath)\framework\include\touchgfx\Color.hpp">
      <Filter>Header Files\TouchGFX\touchgfx</Filter>
    </ClInclude>
    <ClInclude Include="$(TouchGFXReleasePath)\framework\include\touchgfx\ConstFont.hpp">
      <Filter>Header Files\TouchGFX\touchgfx</Filter>
    </ClInclude>
    <ClInclude Include="$(TouchGFXReleasePath)\framework\include\touchgfx\containers\clock\AbstractClock.hpp">
      <Filter>Header Files\TouchGFX\touchgfx\containers\clock</Filter>
    </ClInclude>
    <ClInclude Include="$(TouchGFXReleasePath)\framework\include\touchgfx\containers\clock\AnalogClock.hpp">
      <Filter>Header Files\TouchGFX\touchgfx\containers\clock</Filter>
    </ClInclude>
    <ClInclude Include="$(TouchGFXReleasePath)\framework\include\touchgfx\containers\clock\DigitalClock.hpp">
      <Filter>Header Files\TouchGFX\touchgfx\containers\clock</Filter>
    </ClInclude>
    <ClInclude Include="$(TouchGFXReleasePath)\framework\include\touchgfx\containers\Container.hpp">
      <Filter>Header Files\TouchGFX\touchgfx\containers</Filter>
    </ClInclude>
    <ClInclude Include="$(TouchGFXReleasePath)\framework\include\touchgfx\containers\ListLayout.hpp">
      <Filter>Header Files\TouchGFX\touchgfx\containers</Filter>
    </ClInclude>
    <ClInclude Include="$(TouchGFXReleasePath)\framework\include\touchgfx\containers\ModalWindow.hpp">
      <Filter>Header Files\TouchGFX\touchgfx\containers</Filter>
    </ClInclude>
    <ClInclude Include="$(TouchGFXReleasePath)\framework\include\touchgfx\containers\progress_indicators\AbstractDirectionProgress.hpp">
      <Filter>Header Files\TouchGFX\touchgfx\containers\progress_indicators</Filter>
    </ClInclude>
    <ClInclude Include="$(TouchGFXReleasePath)\framework\include\touchgfx\containers\progress_indicators\AbstractProgressIndicator.hpp">
      <Filter>Header Files\TouchGFX\touchgfx\containers\progress_indicators</Filter>
    </ClInclude>
    <ClInclude Include="$(TouchGFXReleasePath)\framework\include\touchgfx\containers\progress_indicators\BoxProgress.hpp">
      <Filter>Header Files\TouchGFX\touchgfx\containers\progress_indicators</Filter>
    </ClInclude>
    <ClInclude Include="$(TouchGFXReleasePath)\framework\include\touchgfx\containers\progress_indicators\CircleProgress.hpp">
      <Filter>Header Files\TouchGFX\touchgfx\containers\progress_indicators</Filter>
    </ClInclude>
    <ClInclude Include="$(TouchGFXReleasePath)\framework\include\touchgfx\containers\progress_indicators\ImageProgress.hpp">
      <Filter>Header Files\TouchGFX\touchgfx\containers\progress_indicators</Filter>
    </ClInclude>
    <ClInclude Include="$(TouchGFXReleasePath)\framework\include\touchgfx\containers\progress_indicators\LineProgress.hpp">
      <Filter>Header Files\TouchGFX\touchgfx\containers\progress_indicators</Filter>
    </ClInclude>
    <ClInclude Include="$(TouchGFXReleasePath)\framework\include\touchgfx\containers\progress_indicators\TextProgress.hpp">
      <Filter>Header Files\TouchGFX\touchgfx\containers\progress_indicators</Filter>
    </ClInclude>
    <ClInclude Include="$(TouchGFXReleasePath)\framework\include\touchgfx\containers\ScrollableContainer.hpp">
      <Filter>Header Files\TouchGFX\touchgfx\containers</Filter>
    </ClInclude>
    <ClInclude Include="$(TouchGFXReleasePath)\framework\include\touchgfx\containers\SlideMenu.hpp">
      <Filter>Header Files\TouchGFX\touchgfx\containers</Filter>
    </ClInclude>
    <ClInclude Include="$(TouchGFXReleasePath)\framework\include\touchgfx\containers\Slider.hpp">
      <Filter>Header Files\TouchGFX\touchgfx\containers</Filter>
    </ClInclude>
    <ClInclude Include="$(TouchGFXReleasePath)\framework\include\touchgfx\containers\ZoomAnimationImage.hpp">
      <Filter>Header Files\TouchGFX\touchgfx\containers</Filter>
    </ClInclude>
    <ClInclude Include="$(TouchGFXReleasePath)\framework\include\touchgfx\Drawable.hpp">
      <Filter>Header Files\TouchGFX\touchgfx</Filter>
    </ClInclude>
    <ClInclude Include="$(TouchGFXReleasePath)\framework\include\touchgfx\EasingEquations.hpp">
      <Filter>Header Files\TouchGFX\touchgfx</Filter>
    </ClInclude>
    <ClInclude Include="$(TouchGFXReleasePath)\framework\include\touchgfx\Event.hpp">
      <Filter>Header Files\TouchGFX\touchgfx</Filter>
    </ClInclude>
    <ClInclude Include="$(TouchGFXReleasePath)\framework\include\touchgfx\events\ClickEvent.hpp">
      <Filter>Header Files\TouchGFX\touchgfx\events</Filter>
    </ClInclude>
    <ClInclude Include="$(TouchGFXReleasePath)\framework\include\touchgfx\events\DragEvent.hpp">
      <Filter>Header Files\TouchGFX\touchgfx\events</Filter>
    </ClInclude>
    <ClInclude Include="$(TouchGFXReleasePath)\framework\include\touchgfx\events\GestureEvent.hpp">
      <Filter>Header Files\TouchGFX\touchgfx\events</Filter>
    </ClInclude>
    <ClInclude Include="$(TouchGFXReleasePath)\framework\include\touchgfx\Font.hpp">
      <Filter>Header Files\TouchGFX\touchgfx</Filter>
    </ClInclude>
    <ClInclude Include="$(TouchGFXReleasePath)\framework\include\touchgfx\FontManager.hpp">
      <Filter>Header Files\TouchGFX\touchgfx</Filter>
    </ClInclude>
    <ClInclude Include="$(TouchGFXReleasePath)\framework\include\touchgfx\hal\Atomic.hpp">
      <Filter>Header Files\TouchGFX\touchgfx\hal</Filter>
    </ClInclude>
    <ClInclude Include="$(TouchGFXReleasePath)\framework\include\touchgfx\hal\BlitOp.hpp">
      <Filter>Header Files\TouchGFX\touchgfx\hal</Filter>
    </ClInclude>
    <ClInclude Include="$(TouchGFXReleasePath)\framework\include\touchgfx\hal\BoardConfiguration.hpp">
      <Filter>Header Files\TouchGFX\touchgfx\hal</Filter>
    </ClInclude>
    <ClInclude Include="$(TouchGFXReleasePath)\framework\include\touchgfx\hal\Buttons.hpp">
      <Filter>Header Files\TouchGFX\touchgfx\hal</Filter>
    </ClInclude>
    <ClInclude Include="$(TouchGFXReleasePath)\framework\include\touchgfx\hal\Config.hpp">
      <Filter>Header Files\TouchGFX\touchgfx\hal</Filter>
    </ClInclude>
    <ClInclude Include="$(TouchGFXReleasePath)\framework\include\touchgfx\hal\DMA.hpp">
      <Filter>Header Files\TouchGFX\touchgfx\hal</Filter>
    </ClInclude>
    <ClInclude Include="$(TouchGFXReleasePath)\framework\include\touchgfx\hal\Gestures.hpp">
      <Filter>Header Files\TouchGFX\touchgfx\hal</Filter>
    </ClInclude>
    <ClInclude Include="$(TouchGFXReleasePath)\framework\include\touchgfx\hal\GPIO.hpp">
      <Filter>Header Files\TouchGFX\touchgfx\hal</Filter>
    </ClInclude>
    <ClInclude Include="$(TouchGFXReleasePath)\framework\include\touchgfx\hal\HAL.hpp">
      <Filter>Header Files\TouchGFX\touchgfx\hal</Filter>
    </ClInclude>
    <ClInclude Include="$(TouchGFXReleasePath)\framework\include\touchgfx\hal\LED.hpp">
      <Filter>Header Files\TouchGFX\touchgfx\hal</Filter>
    </ClInclude>
    <ClInclude Include="$(TouchGFXReleasePath)\framework\include\touchgfx\hal\NoDMA.hpp">
      <Filter>Header Files\TouchGFX\touchgfx\hal</Filter>
    </ClInclude>
    <ClInclude Include="$(TouchGFXReleasePath)\framework\include\touchgfx\hal\OSWrappers.hpp">
      <Filter>Header Files\TouchGFX\touchgfx\hal</Filter>
    </ClInclude>
    <ClInclude Include="$(TouchGFXReleasePath)\framework\include\touchgfx\hal\Types.hpp">
      <Filter>Header Files\TouchGFX\touchgfx\hal</Filter>
    </ClInclude>
    <ClInclude Include="$(TouchGFXReleasePath)\framework\include\touchgfx\InternalFlashFont.hpp">
      <Filter>Header Files\TouchGFX\touchgfx</Filter>
    </ClInclude>
    <ClInclude Include="$(TouchGFXReleasePath)\framework\include\touchgfx\JSMOCHelper.hpp">
      <Filter>Header Files\TouchGFX\touchgfx</Filter>
    </ClInclude>
    <ClInclude Include="$(TouchGFXReleasePath)\framework\include\touchgfx\lcd\LCD.hpp">
      <Filter>Header Files\TouchGFX\touchgfx\lcd</Filter>
    </ClInclude>
    <ClInclude Include="$(TouchGFXReleasePath)\framework\include\touchgfx\Math3D.hpp">
      <Filter>Header Files\TouchGFX\touchgfx</Filter>
    </ClInclude>
    <ClInclude Include="$(TouchGFXReleasePath)\framework\include\touchgfx\mixins\ClickListener.hpp">
      <Filter>Header Files\TouchGFX\touchgfx\mixins</Filter>
    </ClInclude>
    <ClInclude Include="$(TouchGFXReleasePath)\framework\include\touchgfx\mixins\Draggable.hpp">
      <Filter>Header Files\TouchGFX\touchgfx\mixins</Filter>
    </ClInclude>
    <ClInclude Include="$(TouchGFXReleasePath)\framework\include\touchgfx\mixins\FadeAnimator.hpp">
      <Filter>Header Files\TouchGFX\touchgfx\mixins</Filter>
    </ClInclude>
    <ClInclude Include="$(TouchGFXReleasePath)\framework\include\touchgfx\mixins\MoveAnimator.hpp">
      <Filter>Header Files\TouchGFX\touchgfx\mixins</Filter>
    </ClInclude>
    <ClInclude Include="$(TouchGFXReleasePath)\framework\include\touchgfx\mixins\PreRenderable.hpp">
      <Filter>Header Files\TouchGFX\touchgfx\mixins</Filter>
    </ClInclude>
    <ClInclude Include="$(TouchGFXReleasePath)\framework\include\touchgfx\mixins\Snapper.hpp">
      <Filter>Header Files\TouchGFX\touchgfx\mixins</Filter>
    </ClInclude>
    <ClInclude Include="$(TouchGFXReleasePath)\framework\include\touchgfx\Screen.hpp">
      <Filter>Header Files\TouchGFX\touchgfx</Filter>
    </ClInclude>
    <ClInclude Include="$(TouchGFXReleasePath)\framework\include\touchgfx\TextProvider.hpp">
      <Filter>Header Files\TouchGFX\touchgfx</Filter>
    </ClInclude>
    <ClInclude Include="$(TouchGFXReleasePath)\framework\include\touchgfx\Texts.hpp">
      <Filter>Header Files\TouchGFX\touchgfx</Filter>
    </ClInclude>
    <ClInclude Include="$(TouchGFXReleasePath)\framework\include\touchgfx\TextureMapTypes.hpp">
      <Filter>Header Files\TouchGFX\touchgfx</Filter>
    </ClInclude>
    <ClInclude Include="$(TouchGFXReleasePath)\framework\include\touchgfx\transforms\DisplayTransformation.hpp">
      <Filter>Header Files\TouchGFX\touchgfx\transforms</Filter>
    </ClInclude>
    <ClInclude Include="$(TouchGFXReleasePath)\framework\include\touchgfx\transforms\TouchCalibration.hpp">
      <Filter>Header Files\TouchGFX\touchgfx\transforms</Filter>
    </ClInclude>
    <ClInclude Include="$(TouchGFXReleasePath)\framework\include\touchgfx\transitions\NoTransition.hpp">
      <Filter>Header Files\TouchGFX\touchgfx\transitions</Filter>
    </ClInclude>
    <ClInclude Include="$(TouchGFXReleasePath)\framework\include\touchgfx\transitions\SlideTransition.hpp">
      <Filter>Header Files\TouchGFX\touchgfx\transitions</Filter>
    </ClInclude>
    <ClInclude Include="$(TouchGFXReleasePath)\framework\include\touchgfx\transitions\Transition.hpp">
      <Filter>Header Files\TouchGFX\touchgfx\transitions</Filter>
    </ClInclude>
    <ClInclude Include="$(TouchGFXReleasePath)\framework\include\touchgfx\TypedText.hpp">
      <Filter>Header Files\TouchGFX\touchgfx</Filter>
    </ClInclude>
    <ClInclude Include="$(TouchGFXReleasePath)\framework\include\touchgfx\UIEventListener.hpp">
      <Filter>Header Files\TouchGFX\touchgfx</Filter>
    </ClInclude>
    <ClInclude Include="$(TouchGFXReleasePath)\framework\include\touchgfx\Unicode.hpp">
      <Filter>Header Files\TouchGFX\touchgfx</Filter>
    </ClInclude>
    <ClInclude Include="$(TouchGFXReleasePath)\framework\include\touchgfx\Utils.hpp">
      <Filter>Header Files\TouchGFX\touchgfx</Filter>
    </ClInclude>
    <ClInclude Include="$(TouchGFXReleasePath)\framework\include\touchgfx\widgets\AbstractButton.hpp">
      <Filter>Header Files\TouchGFX\touchgfx\widgets</Filter>
    </ClInclude>
    <ClInclude Include="$(TouchGFXReleasePath)\framework\include\touchgfx\widgets\AnimatedImage.hpp">
      <Filter>Header Files\TouchGFX\touchgfx\widgets</Filter>
    </ClInclude>
    <ClInclude Include="$(TouchGFXReleasePath)\framework\include\touchgfx\widgets\AnimationTextureMapper.hpp">
      <Filter>Header Files\TouchGFX\touchgfx\widgets</Filter>
    </ClInclude>
    <ClInclude Include="$(TouchGFXReleasePath)\framework\include\touchgfx\widgets\Box.hpp">
      <Filter>Header Files\TouchGFX\touchgfx\widgets</Filter>
    </ClInclude>
    <ClInclude Include="$(TouchGFXReleasePath)\framework\include\touchgfx\widgets\Button.hpp">
      <Filter>Header Files\TouchGFX\touchgfx\widgets</Filter>
    </ClInclude>
    <ClInclude Include="$(TouchGFXReleasePath)\framework\include\touchgfx\widgets\ButtonWithIcon.hpp">
      <Filter>Header Files\TouchGFX\touchgfx\widgets</Filter>
    </ClInclude>
    <ClInclude Include="$(TouchGFXReleasePath)\framework\include\touchgfx\widgets\ButtonWithLabel.hpp">
      <Filter>Header Files\TouchGFX\touchgfx\widgets</Filter>
    </ClInclude>
    <ClInclude Include="$(TouchGFXReleasePath)\framework\include\touchgfx\widgets\canvas\AbstractPainter.hpp">
      <Filter>Header Files\TouchGFX\touchgfx\widgets\canvas</Filter>
    </ClInclude>
    <ClInclude Include="$(TouchGFXReleasePath)\framework\include\touchgfx\widgets\canvas\AbstractPainterBW.hpp">
      <Filter>Header Files\TouchGFX\touchgfx\widgets\canvas</Filter>
    </ClInclude>
    <ClInclude Include="$(TouchGFXReleasePath)\framework\include\touchgfx\widgets\canvas\AbstractPainterGRAY2.hpp">
      <Filter>Header Files\TouchGFX\touchgfx\widgets\canvas</Filter>
    </ClInclude>
    <ClInclude Include="$(TouchGFXReleasePath)\framework\include\touchgfx\widgets\canvas\AbstractPainterGRAY4.hpp">
      <Filter>Header Files\TouchGFX\touchgfx\widgets\canvas</Filter>
    </ClInclude>
    <ClInclude Include="$(TouchGFXReleasePath)\framework\include\touchgfx\widgets\canvas\AbstractPainterRGB565.hpp">
      <Filter>Header Files\TouchGFX\touchgfx\widgets\canvas</Filter>
    </ClInclude>
    <ClInclude Include="$(TouchGFXReleasePath)\framework\include\touchgfx\widgets\canvas\AbstractPainterRGB888.hpp">
      <Filter>Header Files\TouchGFX\touchgfx\widgets\canvas</Filter>
    </ClInclude>
    <ClInclude Include="$(TouchGFXReleasePath)\framework\include\touchgfx\widgets\canvas\AbstractShape.hpp">
      <Filter>Header Files\TouchGFX\touchgfx\widgets\canvas</Filter>
    </ClInclude>
    <ClInclude Include="$(TouchGFXReleasePath)\framework\include\touchgfx\widgets\canvas\Canvas.hpp">
      <Filter>Header Files\TouchGFX\touchgfx\widgets\canvas</Filter>
    </ClInclude>
    <ClInclude Include="$(TouchGFXReleasePath)\framework\include\touchgfx\widgets\canvas\CanvasWidget.hpp">
      <Filter>Header Files\TouchGFX\touchgfx\widgets\canvas</Filter>
    </ClInclude>
    <ClInclude Include="$(TouchGFXReleasePath)\framework\include\touchgfx\widgets\canvas\Circle.hpp">
      <Filter>Header Files\TouchGFX\touchgfx\widgets\canvas</Filter>
    </ClInclude>
    <ClInclude Include="$(TouchGFXReleasePath)\framework\include\touchgfx\widgets\canvas\CWRUtil.hpp">
      <Filter>Header Files\TouchGFX\touchgfx\widgets\canvas</Filter>
    </ClInclude>
    <ClInclude Include="$(TouchGFXReleasePath)\framework\include\touchgfx\widgets\canvas\Line.hpp">
      <Filter>Header Files\TouchGFX\touchgfx\widgets\canvas</Filter>
    </ClInclude>
    <ClInclude Include="$(TouchGFXReleasePath)\framework\include\touchgfx\widgets\canvas\PainterBW.hpp">
      <Filter>Header Files\TouchGFX\touchgfx\widgets\canvas</Filter>
    </ClInclude>
    <ClInclude Include="$(TouchGFXReleasePath)\framework\include\touchgfx\widgets\canvas\PainterGRAY2.hpp">
      <Filter>Header Files\TouchGFX\touchgfx\widgets\canvas</Filter>
    </ClInclude>
    <ClInclude Include="$(TouchGFXReleasePath)\framework\include\touchgfx\widgets\canvas\PainterGRAY2Bitmap.hpp">
      <Filter>Header Files\TouchGFX\touchgfx\widgets\canvas</Filter>
    </ClInclude>
    <ClInclude Include="$(TouchGFXReleasePath)\framework\include\touchgfx\widgets\canvas\PainterGRAY4.hpp">
      <Filter>Header Files\TouchGFX\touchgfx\widgets\canvas</Filter>
    </ClInclude>
    <ClInclude Include="$(TouchGFXReleasePath)\framework\include\touchgfx\widgets\canvas\PainterGRAY4Bitmap.hpp">
      <Filter>Header Files\TouchGFX\touchgfx\widgets\canvas</Filter>
    </ClInclude>
    <ClInclude Include="$(TouchGFXReleasePath)\framework\include\touchgfx\widgets\canvas\PainterRGB565.hpp">
      <Filter>Header Files\TouchGFX\touchgfx\widgets\canvas</Filter>
    </ClInclude>
    <ClInclude Include="$(TouchGFXReleasePath)\framework\include\touchgfx\widgets\canvas\PainterRGB565Bitmap.hpp">
      <Filter>Header Files\TouchGFX\touchgfx\widgets\canvas</Filter>
    </ClInclude>
    <ClInclude Include="$(TouchGFXReleasePath)\framework\include\touchgfx\widgets\canvas\PainterRGB888.hpp">
      <Filter>Header Files\TouchGFX\touchgfx\widgets\canvas</Filter>
    </ClInclude>
    <ClInclude Include="$(TouchGFXReleasePath)\framework\include\touchgfx\widgets\canvas\PainterRGB888Bitmap.hpp">
      <Filter>Header Files\TouchGFX\touchgfx\widgets\canvas</Filter>
    </ClInclude>
    <ClInclude Include="$(TouchGFXReleasePath)\framework\include\touchgfx\widgets\canvas\Shape.hpp">
      <Filter>Header Files\TouchGFX\touchgfx\widgets\canvas</Filter>
    </ClInclude>
    <ClInclude Include="$(TouchGFXReleasePath)\framework\include\touchgfx\widgets\Image.hpp">
      <Filter>Header Files\TouchGFX\touchgfx\widgets</Filter>
    </ClInclude>
    <ClInclude Include="$(TouchGFXReleasePath)\framework\include\touchgfx\widgets\Keyboard.hpp">
      <Filter>Header Files\TouchGFX\touchgfx\widgets</Filter>
    </ClInclude>
    <ClInclude Include="$(TouchGFXReleasePath)\framework\include\touchgfx\widgets\PixelDataWidget.hpp">
      <Filter>Header Files\TouchGFX\touchgfx\widgets</Filter>
    </ClInclude>
    <ClInclude Include="$(TouchGFXReleasePath)\framework\include\touchgfx\widgets\RadioButton.hpp">
      <Filter>Header Files\TouchGFX\touchgfx\widgets</Filter>
    </ClInclude>
    <ClInclude Include="$(TouchGFXReleasePath)\framework\include\touchgfx\widgets\RadioButtonGroup.hpp">
      <Filter>Header Files\TouchGFX\touchgfx\widgets</Filter>
    </ClInclude>
    <ClInclude Include="$(TouchGFXReleasePath)\framework\include\touchgfx\widgets\RepeatButton.hpp">
      <Filter>Header Files\TouchGFX\touchgfx\widgets</Filter>
    </ClInclude>
    <ClInclude Include="$(TouchGFXReleasePath)\framework\include\touchgfx\widgets\ScalableImage.hpp">
      <Filter>Header Files\TouchGFX\touchgfx\widgets</Filter>
    </ClInclude>
    <ClInclude Include="$(TouchGFXReleasePath)\framework\include\touchgfx\widgets\SnapshotWidget.hpp">
      <Filter>Header Files\TouchGFX\touchgfx\widgets</Filter>
    </ClInclude>
    <ClInclude Include="$(TouchGFXReleasePath)\framework\include\touchgfx\widgets\TextArea.hpp">
      <Filter>Header Files\TouchGFX\touchgfx\widgets</Filter>
    </ClInclude>
    <ClInclude Include="$(TouchGFXReleasePath)\framework\include\touchgfx\widgets\TextAreaWithWildcard.hpp">
      <Filter>Header Files\TouchGFX\touchgfx\widgets</Filter>
    </ClInclude>
    <ClInclude Include="$(TouchGFXReleasePath)\framework\include\touchgfx\widgets\TextureMapper.hpp">
      <Filter>Header Files\TouchGFX\touchgfx\widgets</Filter>
    </ClInclude>
    <ClInclude Include="$(TouchGFXReleasePath)\framework\include\touchgfx\widgets\TiledImage.hpp">
      <Filter>Header Files\TouchGFX\touchgfx\widgets</Filter>
    </ClInclude>
    <ClInclude Include="$(TouchGFXReleasePath)\framework\include\touchgfx\widgets\ToggleButton.hpp">
      <Filter>Header Files\TouchGFX\touchgfx\widgets</Filter>
    </ClInclude>
    <ClInclude Include="$(TouchGFXReleasePath)\framework\include\touchgfx\widgets\TouchArea.hpp">
      <Filter>Header Files\TouchGFX\touchgfx\widgets</Filter>
    </ClInclude>
    <ClInclude Include="$(TouchGFXReleasePath)\framework\include\touchgfx\widgets\Widget.hpp">
      <Filter>Header Files\TouchGFX\touchgfx\widgets</Filter>
    </ClInclude>
    <ClInclude Include="$(ApplicationRoot)\generated\simulator\include\simulator\mainBase.hpp">
      <Filter>Header Files\generated\simulator</Filter>
    </ClInclude>
    <ClInclude Include="..\..\generated\simulator\include\simulator\video\DirectFrameBufferVideoController.hpp">
      <Filter>Header Files\generated\simulator\include\simulator\video</Filter>
    </ClInclude>
    <ClInclude Include="..\..\gui\include\gui\common\FrontendApplication.hpp">
      <Filter>Header Files\gui\common</Filter>
    </ClInclude>
    <ClInclude Include="..\..\generated\gui_generated\include\gui_generated\common\FrontendApplicationBase.hpp">
      <Filter>Header Files\generated\gui_generated\common</Filter>
    </ClInclude>
    <ClInclude Include="..\..\gui\include\gui\common\FrontendHeap.hpp">
      <Filter>Header Files\gui\common</Filter>
    </ClInclude>
    <ClInclude Include="..\..\generated\gui_generated\include\gui_generated\common\FrontendHeapBase.hpp">
      <Filter>Header Files\generated\gui_generated\common</Filter>
    </ClInclude>
    <ClInclude Include="..\..\generated\simulator\include\simulator\video\MJPEGDecoder.hpp">
      <Filter>Header Files\generated\simulator\include\simulator\video</Filter>
    </ClInclude>
    <ClInclude Include="..\..\gui\include\gui\model\Model.hpp">
      <Filter>Header Files\gui\model</Filter>
    </ClInclude>
    <ClInclude Include="..\..\gui\include\gui\model\ModelListener.hpp">
      <Filter>Header Files\gui\model</Filter>
    </ClInclude>
    <ClInclude Include="..\..\generated\gui_generated\include\gui_generated\common\SimConstants.hpp">
      <Filter>Header Files\generated\gui_generated\common</Filter>
    </ClInclude>
    <ClInclude Include="..\..\generated\simulator\include\simulator\video\SoftwareMJPEGDecoder.hpp">
      <Filter>Header Files\generated\simulator\include\simulator\video</Filter>
    </ClInclude>
    <ClInclude Include="..\..\gui\include\gui\intro_screen\IntroPresenter.hpp">
      <Filter>Header Files\gui\intro_screen</Filter>
    </ClInclude>
    <ClInclude Include="..\..\gui\include\gui\intro_screen\IntroView.hpp">
      <Filter>Header Files\gui\intro_screen</Filter>
    </ClInclude>
    <ClInclude Include="..\..\generated\gui_generated\include\gui_generated\intro_screen\IntroViewBase.hpp">
      <Filter>Header Files\generated\gui_generated\intro_screen</Filter>
    </ClInclude>
    <ClInclude Include="..\..\gui\include\gui\common\BMPFileLoader.hpp">
      <Filter>Header Files\gui\common</Filter>
    </ClInclude>
    <ClInclude Include="..\..\gui\include\gui\common\TargetFix.hpp">
      <Filter>Header Files\gui\common</Filter>
    </ClInclude>
    <ClInclude Include="..\..\gui\include\gui\home_screen\HomePresenter.hpp">
      <Filter>Header Files\gui\home_screen</Filter>
    </ClInclude>
    <ClInclude Include="..\..\gui\include\gui\home_screen\HomeView.hpp">
      <Filter>Header Files\gui\home_screen</Filter>
    </ClInclude>
    <ClInclude Include="..\..\generated\gui_generated\include\gui_generated\home_screen\HomeViewBase.hpp">
      <Filter>Header Files\generated\gui_generated\home_screen</Filter>
    </ClInclude>
    <ClInclude Include="..\..\gui\include\gui\common\BasePresenter.hpp">
      <Filter>Header Files\gui\common</Filter>
    </ClInclude>
    <ClInclude Include="..\..\gui\include\gui\common\BaseView.hpp">
      <Filter>Header Files\gui\common</Filter>
    </ClInclude>
    <ClInclude Include="..\..\gui\include\gui\common\BaseViewInterface.hpp">
      <Filter>Header Files\gui\common</Filter>
    </ClInclude>
    <ClInclude Include="..\..\gui\include\gui\common\CommonConstant.hpp">
      <Filter>Header Files\gui\common</Filter>
    </ClInclude>
    <ClInclude Include="..\..\gui\include\gui\common\CommonFunction.h">
      <Filter>Header Files\gui\common</Filter>
    </ClInclude>
    <ClInclude Include="..\..\gui\include\gui\common\EventManager.hpp">
      <Filter>Header Files\gui\common</Filter>
    </ClInclude>
    <ClInclude Include="..\..\gui\include\gui\model\ModelSchema.hpp">
      <Filter>Header Files\gui\model</Filter>
    </ClInclude>
    <ClInclude Include="..\..\gui\include\gui\widgets\info\AbstractContent.hpp">
      <Filter>Header Files\gui\widgets\info</Filter>
    </ClInclude>
    <ClInclude Include="..\..\gui\include\gui\widgets\info\AbstractMessage.hpp">
      <Filter>Header Files\gui\widgets\info</Filter>
    </ClInclude>
    <ClInclude Include="..\..\gui\include\gui\widgets\info\Content0201.hpp">
      <Filter>Header Files\gui\widgets\info</Filter>
    </ClInclude>
    <ClInclude Include="..\..\gui\include\gui\widgets\info\Content0202.hpp">
      <Filter>Header Files\gui\widgets\info</Filter>
    </ClInclude>
    <ClInclude Include="..\..\gui\include\gui\widgets\info\Content0203.hpp">
      <Filter>Header Files\gui\widgets\info</Filter>
    </ClInclude>
    <ClInclude Include="..\..\gui\include\gui\widgets\info\Content0204.hpp">
      <Filter>Header Files\gui\widgets\info</Filter>
    </ClInclude>
    <ClInclude Include="..\..\gui\include\gui\widgets\info\Content0205.hpp">
      <Filter>Header Files\gui\widgets\info</Filter>
    </ClInclude>
    <ClInclude Include="..\..\gui\include\gui\widgets\info\Content0206.hpp">
      <Filter>Header Files\gui\widgets\info</Filter>
    </ClInclude>
    <ClInclude Include="..\..\gui\include\gui\widgets\info\Content0207.hpp">
      <Filter>Header Files\gui\widgets\info</Filter>
    </ClInclude>
    <ClInclude Include="..\..\gui\include\gui\widgets\info\Content0208.hpp">
      <Filter>Header Files\gui\widgets\info</Filter>
    </ClInclude>
    <ClInclude Include="..\..\gui\include\gui\widgets\info\Content0301.hpp">
      <Filter>Header Files\gui\widgets\info</Filter>
    </ClInclude>
    <ClInclude Include="..\..\gui\include\gui\widgets\info\Content0302.hpp">
      <Filter>Header Files\gui\widgets\info</Filter>
    </ClInclude>
    <ClInclude Include="..\..\gui\include\gui\widgets\info\Content0303.hpp">
      <Filter>Header Files\gui\widgets\info</Filter>
    </ClInclude>
    <ClInclude Include="..\..\gui\include\gui\widgets\info\Content0404.hpp">
      <Filter>Header Files\gui\widgets\info</Filter>
    </ClInclude>
    <ClInclude Include="..\..\gui\include\gui\widgets\info\Content0501.hpp">
      <Filter>Header Files\gui\widgets\info</Filter>
    </ClInclude>
    <ClInclude Include="..\..\gui\include\gui\widgets\info\Content0504.hpp">
      <Filter>Header Files\gui\widgets\info</Filter>
    </ClInclude>
    <ClInclude Include="..\..\gui\include\gui\widgets\info\ContentE1.hpp">
      <Filter>Header Files\gui\widgets\info</Filter>
    </ClInclude>
    <ClInclude Include="..\..\gui\include\gui\widgets\info\ContentE2.hpp">
      <Filter>Header Files\gui\widgets\info</Filter>
    </ClInclude>
    <ClInclude Include="..\..\gui\include\gui\widgets\info\ContentE3.hpp">
      <Filter>Header Files\gui\widgets\info</Filter>
    </ClInclude>
    <ClInclude Include="..\..\gui\include\gui\widgets\info\ContentE4.hpp">
      <Filter>Header Files\gui\widgets\info</Filter>
    </ClInclude>
    <ClInclude Include="..\..\gui\include\gui\widgets\info\ContentE5.hpp">
      <Filter>Header Files\gui\widgets\info</Filter>
    </ClInclude>
    <ClInclude Include="..\..\gui\include\gui\widgets\info\ContentE6.hpp">
      <Filter>Header Files\gui\widgets\info</Filter>
    </ClInclude>
    <ClInclude Include="..\..\gui\include\gui\widgets\information\information.hpp">
      <Filter>Header Files\gui\widgets\information</Filter>
    </ClInclude>
    <ClInclude Include="..\..\gui\include\gui\widgets\info\MessageBlue.hpp">
      <Filter>Header Files\gui\widgets\info</Filter>
    </ClInclude>
    <ClInclude Include="..\..\gui\include\gui\widgets\info\MessageE5.hpp">
      <Filter>Header Files\gui\widgets\info</Filter>
    </ClInclude>
    <ClInclude Include="..\..\gui\include\gui\widgets\info\MessageRed.hpp">
      <Filter>Header Files\gui\widgets\info</Filter>
    </ClInclude>
    <ClInclude Include="..\..\gui\include\gui\widgets\info\MessageYellow.hpp">
      <Filter>Header Files\gui\widgets\info</Filter>
    </ClInclude>
    <ClInclude Include="..\..\..\..\auto\extvar\include\external.h">
      <Filter>Header Files</Filter>
    </ClInclude>
    <ClInclude Include="..\..\gui\include\gui\widgets\wallpaper\Wallpaper.hpp">
      <Filter>Header Files\gui\widgets\wallpaper</Filter>
    </ClInclude>
    <ClInclude Include="..\..\gui\include\gui\widgets\footer\Footer.hpp">
      <Filter>Header Files\gui\widgets\footer</Filter>
    </ClInclude>
    <ClInclude Include="..\..\gui\include\gui\widgets\footer\FooterItemGroup.hpp">
      <Filter>Header Files\gui\widgets\footer</Filter>
    </ClInclude>
    <ClInclude Include="..\..\gui\include\gui\boot_screen\BootPresenter.hpp">
      <Filter>Header Files\gui\boot_screen</Filter>
    </ClInclude>
    <ClInclude Include="..\..\gui\include\gui\boot_screen\BootView.hpp">
      <Filter>Header Files\gui\boot_screen</Filter>
    </ClInclude>
    <ClInclude Include="..\..\generated\gui_generated\include\gui_generated\boot_screen\BootViewBase.hpp">
      <Filter>Header Files\generated\gui_generated\boot_screen</Filter>
    </ClInclude>
    <ClInclude Include="..\..\gui\include\gui\widgets\title\Title.hpp">
      <Filter>Header Files\gui\widgets\title</Filter>
    </ClInclude>
    <ClInclude Include="..\..\gui\include\gui\widgets\ContainerEx.hpp">
      <Filter>Header Files\gui\widgets</Filter>
    </ClInclude>
    <ClInclude Include="..\..\gui\include\gui\widgets\context\Context.hpp">
      <Filter>Header Files\gui\widgets\context</Filter>
    </ClInclude>
    <ClInclude Include="..\..\gui\include\gui\widgets\context\ContextNameValue.hpp">
      <Filter>Header Files\gui\widgets\context</Filter>
    </ClInclude>
    <ClInclude Include="..\..\gui\include\gui\widgets\Integration.hpp">
      <Filter>Header Files\gui\widgets</Filter>
    </ClInclude>
    <ClInclude Include="..\..\gui\include\gui\widgets\language\Language.hpp">
      <Filter>Header Files\gui\widgets\language</Filter>
    </ClInclude>
    <ClInclude Include="..\..\gui\include\gui\widgets\loading\Loading.hpp">
      <Filter>Header Files\gui\widgets\loading</Filter>
    </ClInclude>
    <ClInclude Include="..\..\gui\include\gui\widgets\plugin\Plugin.hpp">
      <Filter>Header Files\gui\widgets\plugin</Filter>
    </ClInclude>
    <ClInclude Include="..\..\gui\include\gui\widgets\socket\Socket.hpp">
      <Filter>Header Files\gui\widgets\socket</Filter>
    </ClInclude>
    <ClInclude Include="..\..\gui\include\gui\widgets\socket_selector\SocketSelector.hpp">
      <Filter>Header Files\gui\widgets\socket_selector</Filter>
    </ClInclude>
    <ClInclude Include="..\..\gui\include\gui\widgets\socket_selector\SocketSelectorBackground.hpp">
      <Filter>Header Files\gui\widgets\socket_selector</Filter>
    </ClInclude>
    <ClInclude Include="..\..\gui\include\gui\widgets\socket_selector\SocketSelectorBackgroundCharging.hpp">
      <Filter>Header Files\gui\widgets\socket_selector</Filter>
    </ClInclude>
    <ClInclude Include="..\..\gui\include\gui\widgets\socket_selector\SocketSelectorBar.hpp">
      <Filter>Header Files\gui\widgets\socket_selector</Filter>
    </ClInclude>
    <ClInclude Include="..\..\gui\include\gui\common\Resolution.hpp">
      <Filter>Header Files\gui\common</Filter>
    </ClInclude>
    <ClInclude Include="..\..\gui\include\gui\payment_screen\PaymentPresenter.hpp">
      <Filter>Header Files\gui\payment_screen</Filter>
    </ClInclude>
    <ClInclude Include="..\..\gui\include\gui\payment_screen\PaymentView.hpp">
      <Filter>Header Files\gui\payment_screen</Filter>
    </ClInclude>
    <ClInclude Include="..\..\generated\gui_generated\include\gui_generated\payment_screen\PaymentViewBase.hpp">
      <Filter>Header Files\generated\gui_generated\payment_screen</Filter>
    </ClInclude>
    <ClInclude Include="..\..\gui\include\gui\widgets\backto\Backto.hpp">
      <Filter>Header Files\gui\widgets\backto</Filter>
    </ClInclude>
    <ClInclude Include="..\..\gui\include\gui\widgets\button_with_label_ex\ButtonWithLabelEx.hpp">
      <Filter>Header Files\gui\widgets\button_with_label_ex</Filter>
    </ClInclude>
    <ClInclude Include="..\..\gui\include\gui\connect_screen\ConnectPresenter.hpp">
      <Filter>Header Files\gui\connect_screen</Filter>
    </ClInclude>
    <ClInclude Include="..\..\gui\include\gui\connect_screen\ConnectView.hpp">
      <Filter>Header Files\gui\connect_screen</Filter>
    </ClInclude>
    <ClInclude Include="..\..\generated\gui_generated\include\gui_generated\connect_screen\ConnectViewBase.hpp">
      <Filter>Header Files\generated\gui_generated\connect_screen</Filter>
    </ClInclude>
    <ClInclude Include="..\..\gui\include\gui\widgets\qrcode\QRCode.hpp">
      <Filter>Header Files\gui\widgets\qrcode</Filter>
    </ClInclude>
    <ClInclude Include="..\..\gui\include\gui\widgets\qrcode\QRCodeWidget.hpp">
      <Filter>Header Files\gui\widgets\qrcode</Filter>
    </ClInclude>
    <ClInclude Include="..\..\gui\include\gui\widgets\car\Car.hpp">
      <Filter>Header Files\gui\widgets\car</Filter>
    </ClInclude>
    <ClInclude Include="..\..\gui\include\gui\widgets\car\CarItemGroup.hpp">
      <Filter>Header Files\gui\widgets\car</Filter>
    </ClInclude>
    <ClInclude Include="..\..\gui\include\gui\widgets\pay_method\PayMethod.hpp">
      <Filter>Header Files\gui\widgets\pay_method</Filter>
    </ClInclude>
    <ClInclude Include="..\..\gui\include\gui\screen1_screen\Screen1Presenter.hpp">
      <Filter>Header Files\gui\screen1_screen</Filter>
    </ClInclude>
    <ClInclude Include="..\..\gui\include\gui\screen1_screen\Screen1View.hpp">
      <Filter>Header Files\gui\screen1_screen</Filter>
    </ClInclude>
    <ClInclude Include="..\..\generated\gui_generated\include\gui_generated\screen1_screen\Screen1ViewBase.hpp">
      <Filter>Header Files\generated\gui_generated\screen1_screen</Filter>
    </ClInclude>
    <ClInclude Include="..\..\gui\include\gui\standby_screen\StandbyPresenter.hpp">
      <Filter>Header Files\gui\standby_screen</Filter>
    </ClInclude>
    <ClInclude Include="..\..\gui\include\gui\standby_screen\StandbyView.hpp">
      <Filter>Header Files\gui\standby_screen</Filter>
    </ClInclude>
    <ClInclude Include="..\..\generated\gui_generated\include\gui_generated\standby_screen\StandbyViewBase.hpp">
      <Filter>Header Files\generated\gui_generated\standby_screen</Filter>
    </ClInclude>
    <ClInclude Include="..\..\gui\include\gui\vista_screen\VistaPresenter.hpp">
      <Filter>Header Files\gui\vista_screen</Filter>
    </ClInclude>
    <ClInclude Include="..\..\gui\include\gui\vista_screen\VistaView.hpp">
      <Filter>Header Files\gui\vista_screen</Filter>
    </ClInclude>
    <ClInclude Include="..\..\generated\gui_generated\include\gui_generated\vista_screen\VistaViewBase.hpp">
      <Filter>Header Files\generated\gui_generated\vista_screen</Filter>
    </ClInclude>
  </ItemGroup>
  <ItemGroup>
    <ResourceCompile Include="$(ApplicationRoot)\generated\simulator\touchgfx.rc">
      <Filter>Resource Files</Filter>
    </ResourceCompile>
  </ItemGroup>
</Project>
